
Microsoft Visual Studio Solution File, Format Version 12.00
# Visual Studio 15
VisualStudioVersion = 15.0.28307.572
MinimumVisualStudioVersion = 10.0.40219.1
Project("{2150E333-8FDC-42A3-9474-1A3956D46DE8}") = "01 - libraries", "01 - libraries", "{0DDA41C9-A3E0-4DB6-8E27-24A35C12AF1D}"
EndProject
Project("{2150E333-8FDC-42A3-9474-1A3956D46DE8}") = "01 - Shared", "01 - Shared", "{1CBBF551-B92C-4424-A508-4A9D4F6F55C7}"
EndProject
Project("{2150E333-8FDC-42A3-9474-1A3956D46DE8}") = "02 - Windows", "02 - Windows", "{DD8AAB19-F10F-4E5A-BEC6-88A1469380A4}"
EndProject
Project("{2150E333-8FDC-42A3-9474-1A3956D46DE8}") = "03 - Linux", "03 - Linux", "{F080B931-4EAD-4EFB-A7E4-EF98D275A3C2}"
EndProject
Project("{2150E333-8FDC-42A3-9474-1A3956D46DE8}") = "04 - Android", "04 - Android", "{88AA9542-0902-49FD-BD66-6D1114060559}"
EndProject
Project("{2150E333-8FDC-42A3-9474-1A3956D46DE8}") = "01 - unit tests", "01 - unit tests", "{C8781FA2-24BB-4420-B3C2-A80D62AB850E}"
EndProject
Project("{2150E333-8FDC-42A3-9474-1A3956D46DE8}") = "01 - Shared", "01 - Shared", "{EDBB53C5-EB7A-4FE2-A2C3-C86A0FAE4CE8}"
EndProject
Project("{2150E333-8FDC-42A3-9474-1A3956D46DE8}") = "02 - Windows", "02 - Windows", "{1590327B-FE90-45CB-9A64-4D05A786DCC5}"
EndProject
Project("{2150E333-8FDC-42A3-9474-1A3956D46DE8}") = "03 - Linux", "03 - Linux", "{76A38B9B-FEDF-410F-8603-FA9E64FC774A}"
EndProject
Project("{2150E333-8FDC-42A3-9474-1A3956D46DE8}") = "04 - Android", "04 - Android", "{956DEE4B-D57E-4BC2-82D7-68A6A7897228}"
EndProject
Project("{8BC9CEB8-8B4A-11D0-8D11-00A0C91BC942}") = "Elysium.Interop.Microsoft.Graph", "Libraries\01-Shared\Elysium.Interop.Microsoft.Graph\Elysium.Interop.Microsoft.Graph.vcxitems", "{3370712B-FFF4-426B-977B-62767FBFD797}"
EndProject
Project("{8BC9CEB8-8B4A-11D0-8D11-00A0C91BC942}") = "Elysium.Interop.Google.Maps", "Libraries\01-Shared\Elysium.Interops.Google.Maps\Elysium.Interop.Google.Maps.vcxitems", "{38C5CBF8-840E-42FF-AFC0-0A60E9937706}"
EndProject
Global
	GlobalSection(SolutionProperties) = preSolution
		HideSolutionNode = FALSE
	EndGlobalSection
	GlobalSection(NestedProjects) = preSolution
		{1CBBF551-B92C-4424-A508-4A9D4F6F55C7} = {0DDA41C9-A3E0-4DB6-8E27-24A35C12AF1D}
		{DD8AAB19-F10F-4E5A-BEC6-88A1469380A4} = {0DDA41C9-A3E0-4DB6-8E27-24A35C12AF1D}
		{F080B931-4EAD-4EFB-A7E4-EF98D275A3C2} = {0DDA41C9-A3E0-4DB6-8E27-24A35C12AF1D}
		{88AA9542-0902-49FD-BD66-6D1114060559} = {0DDA41C9-A3E0-4DB6-8E27-24A35C12AF1D}
		{EDBB53C5-EB7A-4FE2-A2C3-C86A0FAE4CE8} = {C8781FA2-24BB-4420-B3C2-A80D62AB850E}
		{1590327B-FE90-45CB-9A64-4D05A786DCC5} = {C8781FA2-24BB-4420-B3C2-A80D62AB850E}
		{76A38B9B-FEDF-410F-8603-FA9E64FC774A} = {C8781FA2-24BB-4420-B3C2-A80D62AB850E}
		{956DEE4B-D57E-4BC2-82D7-68A6A7897228} = {C8781FA2-24BB-4420-B3C2-A80D62AB850E}
		{3370712B-FFF4-426B-977B-62767FBFD797} = {1CBBF551-B92C-4424-A508-4A9D4F6F55C7}
		{38C5CBF8-840E-42FF-AFC0-0A60E9937706} = {1CBBF551-B92C-4424-A508-4A9D4F6F55C7}
	EndGlobalSection
	GlobalSection(ExtensibilityGlobals) = postSolution
		SolutionGuid = {92CB6C37-E5D5-4F3E-BA5D-B0E009D35216}
	EndGlobalSection
EndGlobal
